
Microsoft Visual Studio Solution File, Format Version 12.00
# Visual Studio 14
VisualStudioVersion = 14.0.25420.1
MinimumVisualStudioVersion = 10.0.40219.1
Project("{FAE04EC0-301F-11D3-BF4B-00C04F79EFBC}") = "FileWatcherService", "FileWatcherService\FileWatcherService.csproj", "{0085FF24-D278-49B1-A046-1997CD05538D}"
EndProject
Project("{FAE04EC0-301F-11D3-BF4B-00C04F79EFBC}") = "FileWatcherManager", "FileWatcherManager\FileWatcherManager.csproj", "{2C552305-9E29-49EF-B446-0ED453AF9F9D}"
EndProject
Project("{FAE04EC0-301F-11D3-BF4B-00C04F79EFBC}") = "FileWatcherIniParser", "FileWatcherIniParser\FileWatcherIniParser.csproj", "{41009470-F234-4075-B3AD-2D1308E6FFDF}"
EndProject
Global
	GlobalSection(SolutionConfigurationPlatforms) = preSolution
		Debug|Any CPU = Debug|Any CPU
		Release|Any CPU = Release|Any CPU
	EndGlobalSection
	GlobalSection(ProjectConfigurationPlatforms) = postSolution
		{0085FF24-D278-49B1-A046-1997CD05538D}.Debug|Any CPU.ActiveCfg = Debug|Any CPU
		{0085FF24-D278-49B1-A046-1997CD05538D}.Debug|Any CPU.Build.0 = Debug|Any CPU
		{0085FF24-D278-49B1-A046-1997CD05538D}.Release|Any CPU.ActiveCfg = Release|Any CPU
		{0085FF24-D278-49B1-A046-1997CD05538D}.Release|Any CPU.Build.0 = Release|Any CPU
		{2C552305-9E29-49EF-B446-0ED453AF9F9D}.Debug|Any CPU.ActiveCfg = Debug|Any CPU
		{2C552305-9E29-49EF-B446-0ED453AF9F9D}.Debug|Any CPU.Build.0 = Debug|Any CPU
		{2C552305-9E29-49EF-B446-0ED453AF9F9D}.Release|Any CPU.ActiveCfg = Release|Any CPU
		{2C552305-9E29-49EF-B446-0ED453AF9F9D}.Release|Any CPU.Build.0 = Release|Any CPU
		{41009470-F234-4075-B3AD-2D1308E6FFDF}.Debug|Any CPU.ActiveCfg = Debug|Any CPU
		{41009470-F234-4075-B3AD-2D1308E6FFDF}.Debug|Any CPU.Build.0 = Debug|Any CPU
		{41009470-F234-4075-B3AD-2D1308E6FFDF}.Release|Any CPU.ActiveCfg = Release|Any CPU
		{41009470-F234-4075-B3AD-2D1308E6FFDF}.Release|Any CPU.Build.0 = Release|Any CPU
	EndGlobalSection
	GlobalSection(SolutionProperties) = preSolution
		HideSolutionNode = FALSE
	EndGlobalSection
EndGlobal
